
Microsoft Visual Studio Solution File, Format Version 12.00
Project("{FAE04EC0-301F-11D3-BF4B-00C04F79EFBC}") = "TDDBuget", "TDDBuget\TDDBuget.csproj", "{66E35F53-B1FC-48C1-97E1-415F11AEF7F9}"
EndProject
Project("{FAE04EC0-301F-11D3-BF4B-00C04F79EFBC}") = "TDDBudgetTest", "TDDBudgetTest\TDDBudgetTest.csproj", "{5402B575-EBDB-4C32-8C79-E88A5EBF026A}"
EndProject
Global
	GlobalSection(SolutionConfigurationPlatforms) = preSolution
		Debug|Any CPU = Debug|Any CPU
		Release|Any CPU = Release|Any CPU
	EndGlobalSection
	GlobalSection(ProjectConfigurationPlatforms) = postSolution
		{66E35F53-B1FC-48C1-97E1-415F11AEF7F9}.Debug|Any CPU.ActiveCfg = Debug|Any CPU
		{66E35F53-B1FC-48C1-97E1-415F11AEF7F9}.Debug|Any CPU.Build.0 = Debug|Any CPU
		{66E35F53-B1FC-48C1-97E1-415F11AEF7F9}.Release|Any CPU.ActiveCfg = Release|Any CPU
		{66E35F53-B1FC-48C1-97E1-415F11AEF7F9}.Release|Any CPU.Build.0 = Release|Any CPU
		{5402B575-EBDB-4C32-8C79-E88A5EBF026A}.Debug|Any CPU.ActiveCfg = Debug|Any CPU
		{5402B575-EBDB-4C32-8C79-E88A5EBF026A}.Debug|Any CPU.Build.0 = Debug|Any CPU
		{5402B575-EBDB-4C32-8C79-E88A5EBF026A}.Release|Any CPU.ActiveCfg = Release|Any CPU
		{5402B575-EBDB-4C32-8C79-E88A5EBF026A}.Release|Any CPU.Build.0 = Release|Any CPU
	EndGlobalSection
EndGlobal
